{
  "name": "softcon-level-design",
  "version": "1.0.0",
  "lockfileVersion": 1,
  "requires": true,
  "dependencies": {
    "jasmine-ajax": {
      "version": "3.4.0",
      "resolved": "https://registry.npmjs.org/jasmine-ajax/-/jasmine-ajax-3.4.0.tgz",
      "integrity": "sha512-LIVNVCmx5ou+IG6wgX7j73YYzvE2e3aqFWMjOhvAHWTnLICOYSobIH+PG/gOwtP20X0u2SkD3NXT/j5X8rMGOA==",
      "dev": true
    }
  }
}
